{
    "_readme": [
        "This file locks the dependencies of your project to a known state",
        "Read more about it at https://getcomposer.org/doc/01-basic-usage.md#installing-dependencies",
        "This file is @generated automatically"
    ],
    "content-hash": "6d193a0642985dd67a7b48ff7cdeb127",
    "packages": [
        {
            "name": "php-yaoi/php-yaoi",
            "version": "v1.0.40",
            "source": {
                "type": "git",
                "url": "https://github.com/php-yaoi/php-yaoi.git",
                "reference": "1d2a9b2409b6aad18d46c2b581eaac62101535a1"
            },
            "dist": {
                "type": "zip",
                "url": "https://api.github.com/repos/php-yaoi/php-yaoi/zipball/1d2a9b2409b6aad18d46c2b581eaac62101535a1",
                "reference": "1d2a9b2409b6aad18d46c2b581eaac62101535a1",
                "shasum": ""
            },
            "require": {
                "php": ">=5.3.0"
            },
            "require-dev": {
                "codeclimate/php-test-reporter": "0.1.2",
                "phpunit/phpunit": "4.8.23"
            },
            "type": "library",
            "autoload": {
                "psr-4": {
                    "Yaoi\\": "src/"
                }
            },
            "notification-url": "https://packagist.org/downloads/",
            "license": [
                "MIT"
            ],
            "authors": [
                {
                    "name": "Viacheslav Poturaev",
                    "email": "vearutop@gmail.com",
                    "homepage": "https://github.com/vearutop"
                }
            ],
            "description": "Yaoi is yet another object interleaver",
            "homepage": "https://github.com/php-yaoi/php-yaoi",
            "keywords": [
                "framework"
            ],
            "time": "2017-06-13T09:10:15+00:00"
        },
        {
            "name": "phplang/scope-exit",
            "version": "1.0.0",
            "source": {
                "type": "git",
                "url": "https://github.com/phplang/scope-exit.git",
                "reference": "239b73abe89f9414aa85a7ca075ec9445629192b"
            },
            "dist": {
                "type": "zip",
                "url": "https://api.github.com/repos/phplang/scope-exit/zipball/239b73abe89f9414aa85a7ca075ec9445629192b",
                "reference": "239b73abe89f9414aa85a7ca075ec9445629192b",
                "shasum": ""
            },
            "require-dev": {
                "phpunit/phpunit": "*"
            },
            "type": "library",
            "autoload": {
                "psr-4": {
                    "PhpLang\\": "src/"
                }
            },
            "notification-url": "https://packagist.org/downloads/",
            "license": [
                "BSD"
            ],
            "authors": [
                {
                    "name": "Sara Golemon",
                    "email": "pollita@php.net",
                    "homepage": "https://twitter.com/SaraMG",
                    "role": "Developer"
                }
            ],
            "description": "Emulation of SCOPE_EXIT construct from C++",
            "homepage": "https://github.com/phplang/scope-exit",
            "keywords": [
                "cleanup",
                "exit",
                "scope"
            ],
            "time": "2016-09-17T00:15:18+00:00"
        },
        {
            "name": "psr/log",
            "version": "1.1.3",
            "source": {
                "type": "git",
                "url": "https://github.com/php-fig/log.git",
                "reference": "0f73288fd15629204f9d42b7055f72dacbe811fc"
            },
            "dist": {
                "type": "zip",
                "url": "https://api.github.com/repos/php-fig/log/zipball/0f73288fd15629204f9d42b7055f72dacbe811fc",
                "reference": "0f73288fd15629204f9d42b7055f72dacbe811fc",
                "shasum": ""
            },
            "require": {
                "php": ">=5.3.0"
            },
            "type": "library",
            "extra": {
                "branch-alias": {
                    "dev-master": "1.1.x-dev"
                }
            },
            "autoload": {
                "psr-4": {
                    "Psr\\Log\\": "Psr/Log/"
                }
            },
            "notification-url": "https://packagist.org/downloads/",
            "license": [
                "MIT"
            ],
            "authors": [
                {
                    "name": "PHP-FIG",
                    "homepage": "http://www.php-fig.org/"
                }
            ],
            "description": "Common interface for logging libraries",
            "homepage": "https://github.com/php-fig/log",
            "keywords": [
                "log",
                "psr",
                "psr-3"
            ],
            "time": "2020-03-23T09:12:05+00:00"
        },
        {
            "name": "salsify/json-streaming-parser",
            "version": "v7.0",
            "source": {
                "type": "git",
                "url": "https://github.com/salsify/jsonstreamingparser.git",
                "reference": "a4d8d651f01864ac539b6a05c3c781906a56bd2e"
            },
            "dist": {
                "type": "zip",
                "url": "https://api.github.com/repos/salsify/jsonstreamingparser/zipball/a4d8d651f01864ac539b6a05c3c781906a56bd2e",
                "reference": "a4d8d651f01864ac539b6a05c3c781906a56bd2e",
                "shasum": ""
            },
            "require": {
                "ext-mbstring": "*",
                "php": "^5.4 | ^7.0"
            },
            "require-dev": {
                "phpunit/phpunit": "~4.0"
            },
            "type": "library",
            "autoload": {
                "psr-4": {
                    "JsonStreamingParser\\": "src",
                    "JsonStreamingParser\\Test\\": "tests"
                }
            },
            "notification-url": "https://packagist.org/downloads/",
            "license": [
                "MIT"
            ],
            "authors": [
                {
                    "name": "Maxim Gnatenko",
                    "email": "mgnatenko@gmail.com"
                },
                {
                    "name": "Rob Gonzalez",
                    "email": "rob@salsify.com",
                    "homepage": "http://salsify.com/"
                },
                {
                    "name": "Max Grigorian",
                    "email": "maxakawizard@gmail.com",
                    "homepage": "http://wizardcat.com/"
                }
            ],
            "description": "A streaming parser for JSON in PHP.",
            "homepage": "https://github.com/salsify/jsonstreamingparser",
            "keywords": [
                "json",
                "parser",
                "streaming"
            ],
            "time": "2018-03-29T00:35:18+00:00"
        },
        {
            "name": "swaggest/code-builder",
            "version": "v0.3.3",
            "source": {
                "type": "git",
                "url": "https://github.com/swaggest/code-builder.git",
                "reference": "14a5d5f202c47890529a68f6ff16263ff66e8bf1"
            },
            "dist": {
                "type": "zip",
                "url": "https://api.github.com/repos/swaggest/code-builder/zipball/14a5d5f202c47890529a68f6ff16263ff66e8bf1",
                "reference": "14a5d5f202c47890529a68f6ff16263ff66e8bf1",
                "shasum": ""
            },
            "require": {
                "php": ">=5.4.0",
                "php-yaoi/php-yaoi": "*",
                "psr/log": "^1.0.1"
            },
            "require-dev": {
                "codeclimate/php-test-reporter": "0.1.2",
                "phpunit/phpunit": "4.8.23"
            },
            "type": "library",
            "autoload": {
                "psr-4": {
                    "Swaggest\\CodeBuilder\\": "src/"
                }
            },
            "notification-url": "https://packagist.org/downloads/",
            "license": [
                "MIT"
            ],
            "authors": [
                {
                    "name": "Viacheslav Poturaev",
                    "email": "vearutop@gmail.com",
                    "homepage": "https://github.com/vearutop"
                }
            ],
            "description": "GO code generation library",
            "homepage": "https://github.com/swaggest/code-builder",
            "keywords": [
                "library"
            ],
            "time": "2020-09-08T20:06:31+00:00"
        },
        {
            "name": "swaggest/go-code-builder",
            "version": "v0.4.39",
            "source": {
                "type": "git",
                "url": "https://github.com/swaggest/go-code-builder.git",
                "reference": "8650ed4bf931d15aaed3e851fec6c2305a05e2fa"
            },
            "dist": {
                "type": "zip",
                "url": "https://api.github.com/repos/swaggest/go-code-builder/zipball/8650ed4bf931d15aaed3e851fec6c2305a05e2fa",
                "reference": "8650ed4bf931d15aaed3e851fec6c2305a05e2fa",
                "shasum": ""
            },
            "require": {
                "ext-json": "*",
                "php": ">=5.6.0",
                "phplang/scope-exit": "^1.0",
                "swaggest/code-builder": "^0.3.1|dev-master",
                "swaggest/json-schema": "^0.12.4",
                "swaggest/json-schema-maker": "^0.3.2"
            },
            "require-dev": {
                "phpunit/phpunit": "^5",
                "victorjonsson/markdowndocs": "^1.3"
            },
            "type": "library",
            "autoload": {
                "psr-4": {
                    "Swaggest\\GoCodeBuilder\\": "src/"
                }
            },
            "notification-url": "https://packagist.org/downloads/",
            "license": [
                "MIT"
            ],
            "authors": [
                {
                    "name": "Viacheslav Poturaev",
                    "email": "vearutop@gmail.com",
                    "homepage": "https://github.com/vearutop"
                }
            ],
            "description": "GO code generation library",
            "homepage": "https://github.com/swaggest/go-code-builder",
            "keywords": [
                "library"
            ],
            "time": "2020-09-08T21:29:30+00:00"
        },
        {
            "name": "swaggest/json-diff",
            "version": "v3.7.5",
            "source": {
                "type": "git",
                "url": "https://github.com/swaggest/json-diff.git",
                "reference": "e452a9c6444905a486280c7d56503a6468303f69"
            },
            "dist": {
                "type": "zip",
                "url": "https://api.github.com/repos/swaggest/json-diff/zipball/e452a9c6444905a486280c7d56503a6468303f69",
                "reference": "e452a9c6444905a486280c7d56503a6468303f69",
                "shasum": ""
            },
            "require": {
                "ext-json": "*"
            },
            "require-dev": {
                "phpunit/phpunit": "^4.8.23"
            },
            "type": "library",
            "autoload": {
                "psr-4": {
                    "Swaggest\\JsonDiff\\": "src/"
                }
            },
            "notification-url": "https://packagist.org/downloads/",
            "license": [
                "MIT"
            ],
            "authors": [
                {
                    "name": "Viacheslav Poturaev",
                    "email": "vearutop@gmail.com"
                }
            ],
            "description": "JSON diff/rearrange/patch/pointer library for PHP",
            "time": "2020-05-26T21:53:21+00:00"
        },
        {
            "name": "swaggest/json-schema",
            "version": "v0.12.30",
            "source": {
                "type": "git",
                "url": "https://github.com/swaggest/php-json-schema.git",
                "reference": "4aca4f5eca6bdd66bd035c86cb25257b2110b7a0"
            },
            "dist": {
                "type": "zip",
                "url": "https://api.github.com/repos/swaggest/php-json-schema/zipball/4aca4f5eca6bdd66bd035c86cb25257b2110b7a0",
                "reference": "4aca4f5eca6bdd66bd035c86cb25257b2110b7a0",
                "shasum": ""
            },
            "require": {
                "ext-json": "*",
                "ext-mbstring": "*",
                "php": ">=5.4",
                "phplang/scope-exit": "^1.0",
                "swaggest/json-diff": "^3.5.1"
            },
            "require-dev": {
                "phpunit/php-code-coverage": "2.2.4",
                "phpunit/phpunit": "4.8.35"
            },
            "type": "library",
            "autoload": {
                "psr-4": {
                    "Swaggest\\JsonSchema\\": "src/"
                }
            },
            "notification-url": "https://packagist.org/downloads/",
            "license": [
                "MIT"
            ],
            "authors": [
                {
                    "name": "Viacheslav Poturaev",
                    "email": "vearutop@gmail.com"
                }
            ],
            "description": "High definition PHP structures with JSON-schema based validation",
            "time": "2020-09-09T21:53:38+00:00"
        },
        {
            "name": "swaggest/json-schema-maker",
            "version": "v0.3.5",
            "source": {
                "type": "git",
                "url": "https://github.com/swaggest/json-schema-maker.git",
                "reference": "46b3f8b55794c9f5cd987cfe6671ffd39c68da66"
            },
            "dist": {
                "type": "zip",
                "url": "https://api.github.com/repos/swaggest/json-schema-maker/zipball/46b3f8b55794c9f5cd987cfe6671ffd39c68da66",
                "reference": "46b3f8b55794c9f5cd987cfe6671ffd39c68da66",
                "shasum": ""
            },
            "require": {
                "ext-json": "*",
                "php": ">=5.6.0",
                "swaggest/json-schema": "^0.12.27"
            },
            "require-dev": {
                "phpunit/phpunit": "^5"
            },
            "type": "library",
            "autoload": {
                "psr-4": {
                    "Swaggest\\JsonSchemaMaker\\": "src/"
                }
            },
            "notification-url": "https://packagist.org/downloads/",
            "license": [
                "MIT"
            ],
            "authors": [
                {
                    "name": "Viacheslav Poturaev",
                    "email": "vearutop@gmail.com",
                    "homepage": "https://github.com/vearutop"
                }
            ],
            "description": "Instance to JSON schema and back",
            "homepage": "https://github.com/swaggest/json-schema-maker",
            "keywords": [
                "json-schema"
            ],
            "time": "2020-09-08T19:48:57+00:00"
        },
        {
            "name": "swaggest/php-code-builder",
            "version": "v0.2.27",
            "source": {
                "type": "git",
                "url": "https://github.com/swaggest/php-code-builder.git",
                "reference": "414b1ff44390b1c3eceb8d5b1727d47ffea38244"
            },
            "dist": {
                "type": "zip",
                "url": "https://api.github.com/repos/swaggest/php-code-builder/zipball/414b1ff44390b1c3eceb8d5b1727d47ffea38244",
                "reference": "414b1ff44390b1c3eceb8d5b1727d47ffea38244",
                "shasum": ""
            },
            "require": {
                "ext-json": "*",
                "php": ">=5.6.0",
                "swaggest/code-builder": "^0.3.1",
                "swaggest/json-schema": "^0.12.19"
            },
            "require-dev": {
                "phpunit/phpunit": "^5"
            },
            "type": "library",
            "autoload": {
                "psr-4": {
                    "Swaggest\\PhpCodeBuilder\\": "src/"
                }
            },
            "notification-url": "https://packagist.org/downloads/",
            "license": [
                "MIT"
            ],
            "authors": [
                {
                    "name": "Viacheslav Poturaev",
                    "email": "vearutop@gmail.com",
                    "homepage": "https://github.com/vearutop"
                }
            ],
            "description": "Swaggest JSON-schema enabled PHP code builder",
            "homepage": "https://github.com/swaggest/php-code-builder",
            "keywords": [
                "library"
            ],
            "time": "2020-08-31T21:09:28+00:00"
        },
        {
            "name": "symfony/deprecation-contracts",
            "version": "v2.2.0",
            "source": {
                "type": "git",
                "url": "https://github.com/symfony/deprecation-contracts.git",
                "reference": "5fa56b4074d1ae755beb55617ddafe6f5d78f665"
            },
            "dist": {
                "type": "zip",
                "url": "https://api.github.com/repos/symfony/deprecation-contracts/zipball/5fa56b4074d1ae755beb55617ddafe6f5d78f665",
                "reference": "5fa56b4074d1ae755beb55617ddafe6f5d78f665",
                "shasum": ""
            },
            "require": {
                "php": ">=7.1"
            },
            "type": "library",
            "extra": {
                "branch-alias": {
                    "dev-master": "2.2-dev"
                },
                "thanks": {
                    "name": "symfony/contracts",
                    "url": "https://github.com/symfony/contracts"
                }
            },
            "autoload": {
                "files": [
                    "function.php"
                ]
            },
            "notification-url": "https://packagist.org/downloads/",
            "license": [
                "MIT"
            ],
            "authors": [
                {
                    "name": "Nicolas Grekas",
                    "email": "p@tchwork.com"
                },
                {
                    "name": "Symfony Community",
                    "homepage": "https://symfony.com/contributors"
                }
            ],
            "description": "A generic function and convention to trigger deprecation notices",
            "homepage": "https://symfony.com",
            "funding": [
                {
                    "url": "https://symfony.com/sponsor",
                    "type": "custom"
                },
                {
                    "url": "https://github.com/fabpot",
                    "type": "github"
                },
                {
                    "url": "https://tidelift.com/funding/github/packagist/symfony/symfony",
                    "type": "tidelift"
                }
            ],
            "time": "2020-09-07T11:33:47+00:00"
        },
        {
            "name": "symfony/polyfill-ctype",
            "version": "v1.18.1",
            "source": {
                "type": "git",
                "url": "https://github.com/symfony/polyfill-ctype.git",
                "reference": "1c302646f6efc070cd46856e600e5e0684d6b454"
            },
            "dist": {
                "type": "zip",
                "url": "https://api.github.com/repos/symfony/polyfill-ctype/zipball/1c302646f6efc070cd46856e600e5e0684d6b454",
                "reference": "1c302646f6efc070cd46856e600e5e0684d6b454",
                "shasum": ""
            },
            "require": {
                "php": ">=5.3.3"
            },
            "suggest": {
                "ext-ctype": "For best performance"
            },
            "type": "library",
            "extra": {
                "branch-alias": {
                    "dev-master": "1.18-dev"
                },
                "thanks": {
                    "name": "symfony/polyfill",
                    "url": "https://github.com/symfony/polyfill"
                }
            },
            "autoload": {
                "psr-4": {
                    "Symfony\\Polyfill\\Ctype\\": ""
                },
                "files": [
                    "bootstrap.php"
                ]
            },
            "notification-url": "https://packagist.org/downloads/",
            "license": [
                "MIT"
            ],
            "authors": [
                {
                    "name": "Gert de Pagter",
                    "email": "BackEndTea@gmail.com"
                },
                {
                    "name": "Symfony Community",
                    "homepage": "https://symfony.com/contributors"
                }
            ],
            "description": "Symfony polyfill for ctype functions",
            "homepage": "https://symfony.com",
            "keywords": [
                "compatibility",
                "ctype",
                "polyfill",
                "portable"
            ],
            "funding": [
                {
                    "url": "https://symfony.com/sponsor",
                    "type": "custom"
                },
                {
                    "url": "https://github.com/fabpot",
                    "type": "github"
                },
                {
                    "url": "https://tidelift.com/funding/github/packagist/symfony/symfony",
                    "type": "tidelift"
                }
            ],
            "time": "2020-07-14T12:35:20+00:00"
        },
        {
            "name": "symfony/yaml",
            "version": "v5.1.5",
            "source": {
                "type": "git",
                "url": "https://github.com/symfony/yaml.git",
                "reference": "a44bd3a91bfbf8db12367fa6ffac9c3eb1a8804a"
            },
            "dist": {
                "type": "zip",
                "url": "https://api.github.com/repos/symfony/yaml/zipball/a44bd3a91bfbf8db12367fa6ffac9c3eb1a8804a",
                "reference": "a44bd3a91bfbf8db12367fa6ffac9c3eb1a8804a",
                "shasum": ""
            },
            "require": {
                "php": ">=7.2.5",
                "symfony/deprecation-contracts": "^2.1",
                "symfony/polyfill-ctype": "~1.8"
            },
            "conflict": {
                "symfony/console": "<4.4"
            },
            "require-dev": {
                "symfony/console": "^4.4|^5.0"
            },
            "suggest": {
                "symfony/console": "For validating YAML files using the lint command"
            },
            "bin": [
                "Resources/bin/yaml-lint"
            ],
            "type": "library",
            "extra": {
                "branch-alias": {
                    "dev-master": "5.1-dev"
                }
            },
            "autoload": {
                "psr-4": {
                    "Symfony\\Component\\Yaml\\": ""
                },
                "exclude-from-classmap": [
                    "/Tests/"
                ]
            },
            "notification-url": "https://packagist.org/downloads/",
            "license": [
                "MIT"
            ],
            "authors": [
                {
                    "name": "Fabien Potencier",
                    "email": "fabien@symfony.com"
                },
                {
                    "name": "Symfony Community",
                    "homepage": "https://symfony.com/contributors"
                }
            ],
            "description": "Symfony Yaml Component",
            "homepage": "https://symfony.com",
            "funding": [
                {
                    "url": "https://symfony.com/sponsor",
                    "type": "custom"
                },
                {
                    "url": "https://github.com/fabpot",
                    "type": "github"
                },
                {
                    "url": "https://tidelift.com/funding/github/packagist/symfony/symfony",
                    "type": "tidelift"
                }
            ],
            "time": "2020-08-26T08:30:57+00:00"
        }
    ],
    "packages-dev": [],
    "aliases": [],
    "minimum-stability": "stable",
    "stability-flags": [],
    "prefer-stable": false,
    "prefer-lowest": false,
    "platform": {
        "ext-json": "*"
    },
    "platform-dev": [],
    "plugin-api-version": "1.1.0"
}
